github.com/gordonklaus/portaudio v0.0.0-20250206071425-98a94950218b h1:WEuQWBxelOGHA6z9lABqaMLMrfwVyMdN3UgRLT+YUPo=
github.com/gordonklaus/portaudio v0.0.0-20250206071425-98a94950218b/go.mod h1:esZFQEUwqC+l76f2R8bIWSwXMaPbp79PppwZ1eJhFco=
gocv.io/x/gocv v0.41.0 h1:KM+zRXUP28b6dHfhy+4JxDODbCNQNtLg8kio+YE7TqA=
gocv.io/x/gocv v0.41.0/go.mod h1:zYdWMj29WAEznM3Y8NsU3A0TRq/wR/cy75jeUypThqU=
